
Microsoft Visual Studio Solution File, Format Version 12.00
# Visual Studio Version 17
VisualStudioVersion = 17.6.33829.357
MinimumVisualStudioVersion = 10.0.40219.1
Project("{FAE04EC0-301F-11D3-BF4B-00C04F79EFBC}") = "SimpleApi", "SimpleApi\SimpleApi.csproj", "{CF478412-F459-41B4-A1D7-AD696A2A035C}"
EndProject
Global
	GlobalSection(SolutionConfigurationPlatforms) = preSolution
		Debug|Any CPU = Debug|Any CPU
		Release|Any CPU = Release|Any CPU
	EndGlobalSection
	GlobalSection(ProjectConfigurationPlatforms) = postSolution
		{CF478412-F459-41B4-A1D7-AD696A2A035C}.Debug|Any CPU.ActiveCfg = Debug|Any CPU
		{CF478412-F459-41B4-A1D7-AD696A2A035C}.Debug|Any CPU.Build.0 = Debug|Any CPU
		{CF478412-F459-41B4-A1D7-AD696A2A035C}.Release|Any CPU.ActiveCfg = Release|Any CPU
		{CF478412-F459-41B4-A1D7-AD696A2A035C}.Release|Any CPU.Build.0 = Release|Any CPU
	EndGlobalSection
	GlobalSection(SolutionProperties) = preSolution
		HideSolutionNode = FALSE
	EndGlobalSection
	GlobalSection(ExtensibilityGlobals) = postSolution
		SolutionGuid = {B9867DA5-C183-4714-A82E-9CA28457050C}
	EndGlobalSection
EndGlobal
